// !$*UTF8*$!
{
	archiveVersion = 1;
	classes = {
	};
	objectVersion = 46;
	objects = {

/* Begin PBXBuildFile section */
		CD4F6553170FE7C900DF98C8 /* Unknown-2.jpeg in Resources */ = {isa = PBXBuildFile; fileRef = CD4F6552170FE7C900DF98C8 /* Unknown-2.jpeg */; };
		CD4F6555170FE7D500DF98C8 /* Unknown.jpeg in Resources */ = {isa = PBXBuildFile; fileRef = CD4F6554170FE7D500DF98C8 /* Unknown.jpeg */; };
		CD4F6557170FE7E200DF98C8 /* images-3.jpeg in Resources */ = {isa = PBXBuildFile; fileRef = CD4F6556170FE7E200DF98C8 /* images-3.jpeg */; };
		CD4F6559170FE7E800DF98C8 /* images-1.jpeg in Resources */ = {isa = PBXBuildFile; fileRef = CD4F6558170FE7E800DF98C8 /* images-1.jpeg */; };
		CD4F657217100A6C00DF98C8 /* music2.mp3 in Resources */ = {isa = PBXBuildFile; fileRef = CD4F657117100A6C00DF98C8 /* music2.mp3 */; };
		CD4F657417100A7100DF98C8 /* music1.mp3 in Resources */ = {isa = PBXBuildFile; fileRef = CD4F657317100A7100DF98C8 /* music1.mp3 */; };
		CD4F657817100CBD00DF98C8 /* AVFoundation.framework in Frameworks */ = {isa = PBXBuildFile; fileRef = CD4F657717100CBD00DF98C8 /* AVFoundation.framework */; };
		CD4F657A171025FA00DF98C8 /* anh8.jpeg in Resources */ = {isa = PBXBuildFile; fileRef = CD4F6579171025FA00DF98C8 /* anh8.jpeg */; };
		CD4F657C171029E500DF98C8 /* anh10.jpeg in Resources */ = {isa = PBXBuildFile; fileRef = CD4F657B171029E500DF98C8 /* anh10.jpeg */; };
		CD977CCB170FD3F300DFC634 /* Game1.m in Sources */ = {isa = PBXBuildFile; fileRef = CD977CCA170FD3F300DFC634 /* Game1.m */; };
		CD977CCE170FD72300DFC634 /* Game2.m in Sources */ = {isa = PBXBuildFile; fileRef = CD977CCD170FD72300DFC634 /* Game2.m */; };
		CD977CD1170FD96F00DFC634 /* Game3.m in Sources */ = {isa = PBXBuildFile; fileRef = CD977CD0170FD96F00DFC634 /* Game3.m */; };
		CD977CD4170FE36900DFC634 /* anh7.jpg in Resources */ = {isa = PBXBuildFile; fileRef = CD977CD3170FE36900DFC634 /* anh7.jpg */; };
		CD977CD6170FE36C00DFC634 /* anh6.jpg in Resources */ = {isa = PBXBuildFile; fileRef = CD977CD5170FE36C00DFC634 /* anh6.jpg */; };
		CD99F28F170EB16B00F5432A /* hinhnen1.jpeg in Resources */ = {isa = PBXBuildFile; fileRef = CD99F28E170EB16B00F5432A /* hinhnen1.jpeg */; };
		CD99F293170EBCA500F5432A /* Candy-Racer-Start-Screen.png in Resources */ = {isa = PBXBuildFile; fileRef = CD99F292170EBCA500F5432A /* Candy-Racer-Start-Screen.png */; };
		CD99F2DE170ED66A00F5432A /* anh2.jpg in Resources */ = {isa = PBXBuildFile; fileRef = CD99F2DD170ED66A00F5432A /* anh2.jpg */; };
		CD99F2E0170ED67500F5432A /* anh3.jpg in Resources */ = {isa = PBXBuildFile; fileRef = CD99F2DF170ED67500F5432A /* anh3.jpg */; };
		CD99F2E2170ED67B00F5432A /* anh4.jpg in Resources */ = {isa = PBXBuildFile; fileRef = CD99F2E1170ED67B00F5432A /* anh4.jpg */; };
		CD99F2E4170ED68400F5432A /* cuongphoto.jpg in Resources */ = {isa = PBXBuildFile; fileRef = CD99F2E3170ED68400F5432A /* cuongphoto.jpg */; };
		CD99F2E6170F0C7200F5432A /* anh5.jpg in Resources */ = {isa = PBXBuildFile; fileRef = CD99F2E5170F0C7200F5432A /* anh5.jpg */; };
		CDD6E7AA170D6EDC002091C8 /* UIKit.framework in Frameworks */ = {isa = PBXBuildFile; fileRef = CDD6E7A9170D6EDC002091C8 /* UIKit.framework */; };
		CDD6E7AC170D6EDC002091C8 /* Foundation.framework in Frameworks */ = {isa = PBXBuildFile; fileRef = CDD6E7AB170D6EDC002091C8 /* Foundation.framework */; };
		CDD6E7AE170D6EDC002091C8 /* CoreGraphics.framework in Frameworks */ = {isa = PBXBuildFile; fileRef = CDD6E7AD170D6EDC002091C8 /* CoreGraphics.framework */; };
		CDD6E7B4170D6EDC002091C8 /* InfoPlist.strings in Resources */ = {isa = PBXBuildFile; fileRef = CDD6E7B2170D6EDC002091C8 /* InfoPlist.strings */; };
		CDD6E7B6170D6EDC002091C8 /* main.m in Sources */ = {isa = PBXBuildFile; fileRef = CDD6E7B5170D6EDC002091C8 /* main.m */; };
		CDD6E7BA170D6EDC002091C8 /* AppDelegate.m in Sources */ = {isa = PBXBuildFile; fileRef = CDD6E7B9170D6EDC002091C8 /* AppDelegate.m */; };
		CDD6E7BC170D6EDC002091C8 /* Default.png in Resources */ = {isa = PBXBuildFile; fileRef = CDD6E7BB170D6EDC002091C8 /* Default.png */; };
		CDD6E7BE170D6EDC002091C8 /* Default@2x.png in Resources */ = {isa = PBXBuildFile; fileRef = CDD6E7BD170D6EDC002091C8 /* Default@2x.png */; };
		CDD6E7C0170D6EDC002091C8 /* Default-568h@2x.png in Resources */ = {isa = PBXBuildFile; fileRef = CDD6E7BF170D6EDC002091C8 /* Default-568h@2x.png */; };
		CDD6E7C3170D6EDC002091C8 /* ViewController.m in Sources */ = {isa = PBXBuildFile; fileRef = CDD6E7C2170D6EDC002091C8 /* ViewController.m */; };
		CDD6E7C6170D6EDC002091C8 /* ViewController_iPhone.xib in Resources */ = {isa = PBXBuildFile; fileRef = CDD6E7C4170D6EDC002091C8 /* ViewController_iPhone.xib */; };
		CDD6E7C9170D6EDC002091C8 /* ViewController_iPad.xib in Resources */ = {isa = PBXBuildFile; fileRef = CDD6E7C7170D6EDC002091C8 /* ViewController_iPad.xib */; };
		CDD6E7EE170D7857002091C8 /* hinhcard.jpeg in Resources */ = {isa = PBXBuildFile; fileRef = CDD6E7ED170D7857002091C8 /* hinhcard.jpeg */; };
/* End PBXBuildFile section */

/* Begin PBXFileReference section */
		CD4F6552170FE7C900DF98C8 /* Unknown-2.jpeg */ = {isa = PBXFileReference; lastKnownFileType = image.jpeg; path = "Unknown-2.jpeg"; sourceTree = "<group>"; };
		CD4F6554170FE7D500DF98C8 /* Unknown.jpeg */ = {isa = PBXFileReference; lastKnownFileType = image.jpeg; path = Unknown.jpeg; sourceTree = "<group>"; };
		CD4F6556170FE7E200DF98C8 /* images-3.jpeg */ = {isa = PBXFileReference; lastKnownFileType = image.jpeg; path = "images-3.jpeg"; sourceTree = "<group>"; };
		CD4F6558170FE7E800DF98C8 /* images-1.jpeg */ = {isa = PBXFileReference; lastKnownFileType = image.jpeg; path = "images-1.jpeg"; sourceTree = "<group>"; };
		CD4F657117100A6C00DF98C8 /* music2.mp3 */ = {isa = PBXFileReference; lastKnownFileType = audio.mp3; path = music2.mp3; sourceTree = "<group>"; };
		CD4F657317100A7100DF98C8 /* music1.mp3 */ = {isa = PBXFileReference; lastKnownFileType = audio.mp3; path = music1.mp3; sourceTree = "<group>"; };
		CD4F657717100CBD00DF98C8 /* AVFoundation.framework */ = {isa = PBXFileReference; lastKnownFileType = wrapper.framework; name = AVFoundation.framework; path = System/Library/Frameworks/AVFoundation.framework; sourceTree = SDKROOT; };
		CD4F6579171025FA00DF98C8 /* anh8.jpeg */ = {isa = PBXFileReference; lastKnownFileType = image.jpeg; path = anh8.jpeg; sourceTree = "<group>"; };
		CD4F657B171029E500DF98C8 /* anh10.jpeg */ = {isa = PBXFileReference; lastKnownFileType = image.jpeg; path = anh10.jpeg; sourceTree = "<group>"; };
		CD977CC9170FD3F300DFC634 /* Game1.h */ = {isa = PBXFileReference; fileEncoding = 4; lastKnownFileType = sourcecode.c.h; path = Game1.h; sourceTree = "<group>"; };
		CD977CCA170FD3F300DFC634 /* Game1.m */ = {isa = PBXFileReference; fileEncoding = 4; lastKnownFileType = sourcecode.c.objc; path = Game1.m; sourceTree = "<group>"; };
		CD977CCC170FD72300DFC634 /* Game2.h */ = {isa = PBXFileReference; fileEncoding = 4; lastKnownFileType = sourcecode.c.h; path = Game2.h; sourceTree = "<group>"; };
		CD977CCD170FD72300DFC634 /* Game2.m */ = {isa = PBXFileReference; fileEncoding = 4; lastKnownFileType = sourcecode.c.objc; path = Game2.m; sourceTree = "<group>"; };
		CD977CCF170FD96F00DFC634 /* Game3.h */ = {isa = PBXFileReference; fileEncoding = 4; lastKnownFileType = sourcecode.c.h; path = Game3.h; sourceTree = "<group>"; };
		CD977CD0170FD96F00DFC634 /* Game3.m */ = {isa = PBXFileReference; fileEncoding = 4; lastKnownFileType = sourcecode.c.objc; path = Game3.m; sourceTree = "<group>"; };
		CD977CD3170FE36900DFC634 /* anh7.jpg */ = {isa = PBXFileReference; lastKnownFileType = image.jpeg; path = anh7.jpg; sourceTree = "<group>"; };
		CD977CD5170FE36C00DFC634 /* anh6.jpg */ = {isa = PBXFileReference; lastKnownFileType = image.jpeg; path = anh6.jpg; sourceTree = "<group>"; };
		CD99F28E170EB16B00F5432A /* hinhnen1.jpeg */ = {isa = PBXFileReference; lastKnownFileType = image.jpeg; path = hinhnen1.jpeg; sourceTree = "<group>"; };
		CD99F292170EBCA500F5432A /* Candy-Racer-Start-Screen.png */ = {isa = PBXFileReference; lastKnownFileType = image.png; path = "Candy-Racer-Start-Screen.png"; sourceTree = "<group>"; };
		CD99F2DD170ED66A00F5432A /* anh2.jpg */ = {isa = PBXFileReference; lastKnownFileType = image.jpeg; path = anh2.jpg; sourceTree = "<group>"; };
		CD99F2DF170ED67500F5432A /* anh3.jpg */ = {isa = PBXFileReference; lastKnownFileType = image.jpeg; path = anh3.jpg; sourceTree = "<group>"; };
		CD99F2E1170ED67B00F5432A /* anh4.jpg */ = {isa = PBXFileReference; lastKnownFileType = image.jpeg; path = anh4.jpg; sourceTree = "<group>"; };
		CD99F2E3170ED68400F5432A /* cuongphoto.jpg */ = {isa = PBXFileReference; lastKnownFileType = image.jpeg; path = cuongphoto.jpg; sourceTree = "<group>"; };
		CD99F2E5170F0C7200F5432A /* anh5.jpg */ = {isa = PBXFileReference; lastKnownFileType = image.jpeg; path = anh5.jpg; sourceTree = "<group>"; };
		CDD6E7A6170D6EDC002091C8 /* GameDemoImage.app */ = {isa = PBXFileReference; explicitFileType = wrapper.application; includeInIndex = 0; path = GameDemoImage.app; sourceTree = BUILT_PRODUCTS_DIR; };
		CDD6E7A9170D6EDC002091C8 /* UIKit.framework */ = {isa = PBXFileReference; lastKnownFileType = wrapper.framework; name = UIKit.framework; path = System/Library/Frameworks/UIKit.framework; sourceTree = SDKROOT; };
		CDD6E7AB170D6EDC002091C8 /* Foundation.framework */ = {isa = PBXFileReference; lastKnownFileType = wrapper.framework; name = Foundation.framework; path = System/Library/Frameworks/Foundation.framework; sourceTree = SDKROOT; };
		CDD6E7AD170D6EDC002091C8 /* CoreGraphics.framework */ = {isa = PBXFileReference; lastKnownFileType = wrapper.framework; name = CoreGraphics.framework; path = System/Library/Frameworks/CoreGraphics.framework; sourceTree = SDKROOT; };
		CDD6E7B1170D6EDC002091C8 /* GameDemoImage-Info.plist */ = {isa = PBXFileReference; lastKnownFileType = text.plist.xml; path = "GameDemoImage-Info.plist"; sourceTree = "<group>"; };
		CDD6E7B3170D6EDC002091C8 /* en */ = {isa = PBXFileReference; lastKnownFileType = text.plist.strings; name = en; path = en.lproj/InfoPlist.strings; sourceTree = "<group>"; };
		CDD6E7B5170D6EDC002091C8 /* main.m */ = {isa = PBXFileReference; lastKnownFileType = sourcecode.c.objc; path = main.m; sourceTree = "<group>"; };
		CDD6E7B7170D6EDC002091C8 /* GameDemoImage-Prefix.pch */ = {isa = PBXFileReference; lastKnownFileType = sourcecode.c.h; path = "GameDemoImage-Prefix.pch"; sourceTree = "<group>"; };
		CDD6E7B8170D6EDC002091C8 /* AppDelegate.h */ = {isa = PBXFileReference; lastKnownFileType = sourcecode.c.h; path = AppDelegate.h; sourceTree = "<group>"; };
		CDD6E7B9170D6EDC002091C8 /* AppDelegate.m */ = {isa = PBXFileReference; lastKnownFileType = sourcecode.c.objc; path = AppDelegate.m; sourceTree = "<group>"; };
		CDD6E7BB170D6EDC002091C8 /* Default.png */ = {isa = PBXFileReference; lastKnownFileType = image.png; path = Default.png; sourceTree = "<group>"; };
		CDD6E7BD170D6EDC002091C8 /* Default@2x.png */ = {isa = PBXFileReference; lastKnownFileType = image.png; path = "Default@2x.png"; sourceTree = "<group>"; };
		CDD6E7BF170D6EDC002091C8 /* Default-568h@2x.png */ = {isa = PBXFileReference; lastKnownFileType = image.png; path = "Default-568h@2x.png"; sourceTree = "<group>"; };
		CDD6E7C1170D6EDC002091C8 /* ViewController.h */ = {isa = PBXFileReference; lastKnownFileType = sourcecode.c.h; path = ViewController.h; sourceTree = "<group>"; };
		CDD6E7C2170D6EDC002091C8 /* ViewController.m */ = {isa = PBXFileReference; lastKnownFileType = sourcecode.c.objc; path = ViewController.m; sourceTree = "<group>"; };
		CDD6E7C5170D6EDC002091C8 /* en */ = {isa = PBXFileReference; lastKnownFileType = file.xib; name = en; path = en.lproj/ViewController_iPhone.xib; sourceTree = "<group>"; };
		CDD6E7C8170D6EDC002091C8 /* en */ = {isa = PBXFileReference; lastKnownFileType = file.xib; name = en; path = en.lproj/ViewController_iPad.xib; sourceTree = "<group>"; };
		CDD6E7ED170D7857002091C8 /* hinhcard.jpeg */ = {isa = PBXFileReference; lastKnownFileType = image.jpeg; path = hinhcard.jpeg; sourceTree = "<group>"; };
/* End PBXFileReference section */

/* Begin PBXFrameworksBuildPhase section */
		CDD6E7A3170D6EDC002091C8 /* Frameworks */ = {
			isa = PBXFrameworksBuildPhase;
			buildActionMask = 2147483647;
			files = (
				CD4F657817100CBD00DF98C8 /* AVFoundation.framework in Frameworks */,
				CDD6E7AA170D6EDC002091C8 /* UIKit.framework in Frameworks */,
				CDD6E7AC170D6EDC002091C8 /* Foundation.framework in Frameworks */,
				CDD6E7AE170D6EDC002091C8 /* CoreGraphics.framework in Frameworks */,
			);
			runOnlyForDeploymentPostprocessing = 0;
		};
/* End PBXFrameworksBuildPhase section */

/* Begin PBXGroup section */
		CD977CD2170FD97A00DFC634 /* GameView */ = {
			isa = PBXGroup;
			children = (
				CD977CC9170FD3F300DFC634 /* Game1.h */,
				CD977CCA170FD3F300DFC634 /* Game1.m */,
				CD977CCC170FD72300DFC634 /* Game2.h */,
				CD977CCD170FD72300DFC634 /* Game2.m */,
				CD977CCF170FD96F00DFC634 /* Game3.h */,
				CD977CD0170FD96F00DFC634 /* Game3.m */,
			);
			name = GameView;
			sourceTree = "<group>";
		};
		CDD6E79D170D6EDC002091C8 = {
			isa = PBXGroup;
			children = (
				CD4F657B171029E500DF98C8 /* anh10.jpeg */,
				CD4F6579171025FA00DF98C8 /* anh8.jpeg */,
				CD4F6558170FE7E800DF98C8 /* images-1.jpeg */,
				CD4F6556170FE7E200DF98C8 /* images-3.jpeg */,
				CD4F6554170FE7D500DF98C8 /* Unknown.jpeg */,
				CD4F6552170FE7C900DF98C8 /* Unknown-2.jpeg */,
				CD977CD5170FE36C00DFC634 /* anh6.jpg */,
				CD977CD3170FE36900DFC634 /* anh7.jpg */,
				CD99F2E5170F0C7200F5432A /* anh5.jpg */,
				CD99F2E3170ED68400F5432A /* cuongphoto.jpg */,
				CD99F2E1170ED67B00F5432A /* anh4.jpg */,
				CD99F2DF170ED67500F5432A /* anh3.jpg */,
				CD99F2DD170ED66A00F5432A /* anh2.jpg */,
				CD99F292170EBCA500F5432A /* Candy-Racer-Start-Screen.png */,
				CD99F28E170EB16B00F5432A /* hinhnen1.jpeg */,
				CDD6E7ED170D7857002091C8 /* hinhcard.jpeg */,
				CDD6E7AF170D6EDC002091C8 /* GameDemoImage */,
				CDD6E7A8170D6EDC002091C8 /* Frameworks */,
				CDD6E7A7170D6EDC002091C8 /* Products */,
			);
			sourceTree = "<group>";
		};
		CDD6E7A7170D6EDC002091C8 /* Products */ = {
			isa = PBXGroup;
			children = (
				CDD6E7A6170D6EDC002091C8 /* GameDemoImage.app */,
			);
			name = Products;
			sourceTree = "<group>";
		};
		CDD6E7A8170D6EDC002091C8 /* Frameworks */ = {
			isa = PBXGroup;
			children = (
				CD4F657717100CBD00DF98C8 /* AVFoundation.framework */,
				CDD6E7A9170D6EDC002091C8 /* UIKit.framework */,
				CDD6E7AB170D6EDC002091C8 /* Foundation.framework */,
				CDD6E7AD170D6EDC002091C8 /* CoreGraphics.framework */,
			);
			name = Frameworks;
			sourceTree = "<group>";
		};
		CDD6E7AF170D6EDC002091C8 /* GameDemoImage */ = {
			isa = PBXGroup;
			children = (
				CDD6E7B8170D6EDC002091C8 /* AppDelegate.h */,
				CDD6E7B9170D6EDC002091C8 /* AppDelegate.m */,
				CDD6E7C1170D6EDC002091C8 /* ViewController.h */,
				CDD6E7C2170D6EDC002091C8 /* ViewController.m */,
				CDD6E7C4170D6EDC002091C8 /* ViewController_iPhone.xib */,
				CDD6E7C7170D6EDC002091C8 /* ViewController_iPad.xib */,
				CD977CD2170FD97A00DFC634 /* GameView */,
				CDD6E7B0170D6EDC002091C8 /* Supporting Files */,
			);
			path = GameDemoImage;
			sourceTree = "<group>";
		};
		CDD6E7B0170D6EDC002091C8 /* Supporting Files */ = {
			isa = PBXGroup;
			children = (
				CD4F657317100A7100DF98C8 /* music1.mp3 */,
				CD4F657117100A6C00DF98C8 /* music2.mp3 */,
				CDD6E7B1170D6EDC002091C8 /* GameDemoImage-Info.plist */,
				CDD6E7B2170D6EDC002091C8 /* InfoPlist.strings */,
				CDD6E7B5170D6EDC002091C8 /* main.m */,
				CDD6E7B7170D6EDC002091C8 /* GameDemoImage-Prefix.pch */,
				CDD6E7BB170D6EDC002091C8 /* Default.png */,
				CDD6E7BD170D6EDC002091C8 /* Default@2x.png */,
				CDD6E7BF170D6EDC002091C8 /* Default-568h@2x.png */,
			);
			name = "Supporting Files";
			sourceTree = "<group>";
		};
/* End PBXGroup section */

/* Begin PBXNativeTarget section */
		CDD6E7A5170D6EDC002091C8 /* GameDemoImage */ = {
			isa = PBXNativeTarget;
			buildConfigurationList = CDD6E7CC170D6EDC002091C8 /* Build configuration list for PBXNativeTarget "GameDemoImage" */;
			buildPhases = (
				CDD6E7A2170D6EDC002091C8 /* Sources */,
				CDD6E7A3170D6EDC002091C8 /* Frameworks */,
				CDD6E7A4170D6EDC002091C8 /* Resources */,
			);
			buildRules = (
			);
			dependencies = (
			);
			name = GameDemoImage;
			productName = GameDemoImage;
			productReference = CDD6E7A6170D6EDC002091C8 /* GameDemoImage.app */;
			productType = "com.apple.product-type.application";
		};
/* End PBXNativeTarget section */

/* Begin PBXProject section */
		CDD6E79E170D6EDC002091C8 /* Project object */ = {
			isa = PBXProject;
			attributes = {
				LastUpgradeCheck = 0460;
				ORGANIZATIONNAME = ios12;
			};
			buildConfigurationList = CDD6E7A1170D6EDC002091C8 /* Build configuration list for PBXProject "GameDemoImage" */;
			compatibilityVersion = "Xcode 3.2";
			developmentRegion = English;
			hasScannedForEncodings = 0;
			knownRegions = (
				en,
			);
			mainGroup = CDD6E79D170D6EDC002091C8;
			productRefGroup = CDD6E7A7170D6EDC002091C8 /* Products */;
			projectDirPath = "";
			projectRoot = "";
			targets = (
				CDD6E7A5170D6EDC002091C8 /* GameDemoImage */,
			);
		};
/* End PBXProject section */

/* Begin PBXResourcesBuildPhase section */
		CDD6E7A4170D6EDC002091C8 /* Resources */ = {
			isa = PBXResourcesBuildPhase;
			buildActionMask = 2147483647;
			files = (
				CDD6E7B4170D6EDC002091C8 /* InfoPlist.strings in Resources */,
				CDD6E7BC170D6EDC002091C8 /* Default.png in Resources */,
				CDD6E7BE170D6EDC002091C8 /* Default@2x.png in Resources */,
				CDD6E7C0170D6EDC002091C8 /* Default-568h@2x.png in Resources */,
				CDD6E7C6170D6EDC002091C8 /* ViewController_iPhone.xib in Resources */,
				CDD6E7C9170D6EDC002091C8 /* ViewController_iPad.xib in Resources */,
				CDD6E7EE170D7857002091C8 /* hinhcard.jpeg in Resources */,
				CD99F28F170EB16B00F5432A /* hinhnen1.jpeg in Resources */,
				CD99F293170EBCA500F5432A /* Candy-Racer-Start-Screen.png in Resources */,
				CD99F2DE170ED66A00F5432A /* anh2.jpg in Resources */,
				CD99F2E0170ED67500F5432A /* anh3.jpg in Resources */,
				CD99F2E2170ED67B00F5432A /* anh4.jpg in Resources */,
				CD99F2E4170ED68400F5432A /* cuongphoto.jpg in Resources */,
				CD99F2E6170F0C7200F5432A /* anh5.jpg in Resources */,
				CD977CD4170FE36900DFC634 /* anh7.jpg in Resources */,
				CD977CD6170FE36C00DFC634 /* anh6.jpg in Resources */,
				CD4F6553170FE7C900DF98C8 /* Unknown-2.jpeg in Resources */,
				CD4F6555170FE7D500DF98C8 /* Unknown.jpeg in Resources */,
				CD4F6557170FE7E200DF98C8 /* images-3.jpeg in Resources */,
				CD4F6559170FE7E800DF98C8 /* images-1.jpeg in Resources */,
				CD4F657217100A6C00DF98C8 /* music2.mp3 in Resources */,
				CD4F657417100A7100DF98C8 /* music1.mp3 in Resources */,
				CD4F657A171025FA00DF98C8 /* anh8.jpeg in Resources */,
				CD4F657C171029E500DF98C8 /* anh10.jpeg in Resources */,
			);
			runOnlyForDeploymentPostprocessing = 0;
		};
/* End PBXResourcesBuildPhase section */

/* Begin PBXSourcesBuildPhase section */
		CDD6E7A2170D6EDC002091C8 /* Sources */ = {
			isa = PBXSourcesBuildPhase;
			buildActionMask = 2147483647;
			files = (
				CDD6E7B6170D6EDC002091C8 /* main.m in Sources */,
				CDD6E7BA170D6EDC002091C8 /* AppDelegate.m in Sources */,
				CDD6E7C3170D6EDC002091C8 /* ViewController.m in Sources */,
				CD977CCB170FD3F300DFC634 /* Game1.m in Sources */,
				CD977CCE170FD72300DFC634 /* Game2.m in Sources */,
				CD977CD1170FD96F00DFC634 /* Game3.m in Sources */,
			);
			runOnlyForDeploymentPostprocessing = 0;
		};
/* End PBXSourcesBuildPhase section */

/* Begin PBXVariantGroup section */
		CDD6E7B2170D6EDC002091C8 /* InfoPlist.strings */ = {
			isa = PBXVariantGroup;
			children = (
				CDD6E7B3170D6EDC002091C8 /* en */,
			);
			name = InfoPlist.strings;
			sourceTree = "<group>";
		};
		CDD6E7C4170D6EDC002091C8 /* ViewController_iPhone.xib */ = {
			isa = PBXVariantGroup;
			children = (
				CDD6E7C5170D6EDC002091C8 /* en */,
			);
			name = ViewController_iPhone.xib;
			sourceTree = "<group>";
		};
		CDD6E7C7170D6EDC002091C8 /* ViewController_iPad.xib */ = {
			isa = PBXVariantGroup;
			children = (
				CDD6E7C8170D6EDC002091C8 /* en */,
			);
			name = ViewController_iPad.xib;
			sourceTree = "<group>";
		};
/* End PBXVariantGroup section */

/* Begin XCBuildConfiguration section */
		CDD6E7CA170D6EDC002091C8 /* Debug */ = {
			isa = XCBuildConfiguration;
			buildSettings = {
				ALWAYS_SEARCH_USER_PATHS = NO;
				CLANG_CXX_LANGUAGE_STANDARD = "gnu++0x";
				CLANG_CXX_LIBRARY = "libc++";
				CLANG_ENABLE_OBJC_ARC = YES;
				CLANG_WARN_CONSTANT_CONVERSION = YES;
				CLANG_WARN_EMPTY_BODY = YES;
				CLANG_WARN_ENUM_CONVERSION = YES;
				CLANG_WARN_INT_CONVERSION = YES;
				CLANG_WARN__DUPLICATE_METHOD_MATCH = YES;
				"CODE_SIGN_IDENTITY[sdk=iphoneos*]" = "iPhone Developer";
				COPY_PHASE_STRIP = NO;
				GCC_C_LANGUAGE_STANDARD = gnu99;
				GCC_DYNAMIC_NO_PIC = NO;
				GCC_OPTIMIZATION_LEVEL = 0;
				GCC_PREPROCESSOR_DEFINITIONS = (
					"DEBUG=1",
					"$(inherited)",
				);
				GCC_SYMBOLS_PRIVATE_EXTERN = NO;
				GCC_WARN_ABOUT_RETURN_TYPE = YES;
				GCC_WARN_UNINITIALIZED_AUTOS = YES;
				GCC_WARN_UNUSED_VARIABLE = YES;
				IPHONEOS_DEPLOYMENT_TARGET = 6.1;
				ONLY_ACTIVE_ARCH = YES;
				SDKROOT = iphoneos;
				TARGETED_DEVICE_FAMILY = "1,2";
			};
			name = Debug;
		};
		CDD6E7CB170D6EDC002091C8 /* Release */ = {
			isa = XCBuildConfiguration;
			buildSettings = {
				ALWAYS_SEARCH_USER_PATHS = NO;
				CLANG_CXX_LANGUAGE_STANDARD = "gnu++0x";
				CLANG_CXX_LIBRARY = "libc++";
				CLANG_ENABLE_OBJC_ARC = YES;
				CLANG_WARN_CONSTANT_CONVERSION = YES;
				CLANG_WARN_EMPTY_BODY = YES;
				CLANG_WARN_ENUM_CONVERSION = YES;
				CLANG_WARN_INT_CONVERSION = YES;
				CLANG_WARN__DUPLICATE_METHOD_MATCH = YES;
				"CODE_SIGN_IDENTITY[sdk=iphoneos*]" = "iPhone Developer";
				COPY_PHASE_STRIP = YES;
				GCC_C_LANGUAGE_STANDARD = gnu99;
				GCC_WARN_ABOUT_RETURN_TYPE = YES;
				GCC_WARN_UNINITIALIZED_AUTOS = YES;
				GCC_WARN_UNUSED_VARIABLE = YES;
				IPHONEOS_DEPLOYMENT_TARGET = 6.1;
				OTHER_CFLAGS = "-DNS_BLOCK_ASSERTIONS=1";
				SDKROOT = iphoneos;
				TARGETED_DEVICE_FAMILY = "1,2";
				VALIDATE_PRODUCT = YES;
			};
			name = Release;
		};
		CDD6E7CD170D6EDC002091C8 /* Debug */ = {
			isa = XCBuildConfiguration;
			buildSettings = {
				FRAMEWORK_SEARCH_PATHS = (
					"$(inherited)",
					"\"$(SRCROOT)\"",
				);
				GCC_PRECOMPILE_PREFIX_HEADER = YES;
				GCC_PREFIX_HEADER = "GameDemoImage/GameDemoImage-Prefix.pch";
				INFOPLIST_FILE = "GameDemoImage/GameDemoImage-Info.plist";
				IPHONEOS_DEPLOYMENT_TARGET = 5.1;
				PRODUCT_NAME = "$(TARGET_NAME)";
				TARGETED_DEVICE_FAMILY = 2;
				WRAPPER_EXTENSION = app;
			};
			name = Debug;
		};
		CDD6E7CE170D6EDC002091C8 /* Release */ = {
			isa = XCBuildConfiguration;
			buildSettings = {
				FRAMEWORK_SEARCH_PATHS = (
					"$(inherited)",
					"\"$(SRCROOT)\"",
				);
				GCC_PRECOMPILE_PREFIX_HEADER = YES;
				GCC_PREFIX_HEADER = "GameDemoImage/GameDemoImage-Prefix.pch";
				INFOPLIST_FILE = "GameDemoImage/GameDemoImage-Info.plist";
				IPHONEOS_DEPLOYMENT_TARGET = 5.1;
				PRODUCT_NAME = "$(TARGET_NAME)";
				TARGETED_DEVICE_FAMILY = 2;
				WRAPPER_EXTENSION = app;
			};
			name = Release;
		};
/* End XCBuildConfiguration section */

/* Begin XCConfigurationList section */
		CDD6E7A1170D6EDC002091C8 /* Build configuration list for PBXProject "GameDemoImage" */ = {
			isa = XCConfigurationList;
			buildConfigurations = (
				CDD6E7CA170D6EDC002091C8 /* Debug */,
				CDD6E7CB170D6EDC002091C8 /* Release */,
			);
			defaultConfigurationIsVisible = 0;
			defaultConfigurationName = Release;
		};
		CDD6E7CC170D6EDC002091C8 /* Build configuration list for PBXNativeTarget "GameDemoImage" */ = {
			isa = XCConfigurationList;
			buildConfigurations = (
				CDD6E7CD170D6EDC002091C8 /* Debug */,
				CDD6E7CE170D6EDC002091C8 /* Release */,
			);
			defaultConfigurationIsVisible = 0;
			defaultConfigurationName = Release;
		};
/* End XCConfigurationList section */
	};
	rootObject = CDD6E79E170D6EDC002091C8 /* Project object */;
}
